
Microsoft Visual Studio Solution File, Format Version 12.00
# Visual Studio Version 16
VisualStudioVersion = 16.0.30503.244
MinimumVisualStudioVersion = 10.0.40219.1
Project("{FAE04EC0-301F-11D3-BF4B-00C04F79EFBC}") = "Matrix Sum and Difference", "Matrix Sum and Difference\Matrix Sum and Difference.csproj", "{9C85D58A-5407-456A-93BD-76CF7C752286}"
EndProject
Global
	GlobalSection(SolutionConfigurationPlatforms) = preSolution
		Debug|Any CPU = Debug|Any CPU
		Release|Any CPU = Release|Any CPU
	EndGlobalSection
	GlobalSection(ProjectConfigurationPlatforms) = postSolution
		{9C85D58A-5407-456A-93BD-76CF7C752286}.Debug|Any CPU.ActiveCfg = Debug|Any CPU
		{9C85D58A-5407-456A-93BD-76CF7C752286}.Debug|Any CPU.Build.0 = Debug|Any CPU
		{9C85D58A-5407-456A-93BD-76CF7C752286}.Release|Any CPU.ActiveCfg = Release|Any CPU
		{9C85D58A-5407-456A-93BD-76CF7C752286}.Release|Any CPU.Build.0 = Release|Any CPU
	EndGlobalSection
	GlobalSection(SolutionProperties) = preSolution
		HideSolutionNode = FALSE
	EndGlobalSection
	GlobalSection(ExtensibilityGlobals) = postSolution
		SolutionGuid = {31A185FD-8E09-4F49-B9EF-3D6C2FCC0BCF}
	EndGlobalSection
EndGlobal
