
Microsoft Visual Studio Solution File, Format Version 12.00
# Visual Studio Version 16
VisualStudioVersion = 16.0.30503.244
MinimumVisualStudioVersion = 10.0.40219.1
Project("{FAE04EC0-301F-11D3-BF4B-00C04F79EFBC}") = "Geometric Mean", "Geometric Mean\Geometric Mean.csproj", "{5B50EC0D-329A-4745-B6EC-887CDB247C54}"
EndProject
Global
	GlobalSection(SolutionConfigurationPlatforms) = preSolution
		Debug|Any CPU = Debug|Any CPU
		Release|Any CPU = Release|Any CPU
	EndGlobalSection
	GlobalSection(ProjectConfigurationPlatforms) = postSolution
		{5B50EC0D-329A-4745-B6EC-887CDB247C54}.Debug|Any CPU.ActiveCfg = Debug|Any CPU
		{5B50EC0D-329A-4745-B6EC-887CDB247C54}.Debug|Any CPU.Build.0 = Debug|Any CPU
		{5B50EC0D-329A-4745-B6EC-887CDB247C54}.Release|Any CPU.ActiveCfg = Release|Any CPU
		{5B50EC0D-329A-4745-B6EC-887CDB247C54}.Release|Any CPU.Build.0 = Release|Any CPU
	EndGlobalSection
	GlobalSection(SolutionProperties) = preSolution
		HideSolutionNode = FALSE
	EndGlobalSection
	GlobalSection(ExtensibilityGlobals) = postSolution
		SolutionGuid = {C8274283-ED3A-4D58-9DBD-69E20B3692B8}
	EndGlobalSection
EndGlobal
